{
  "name": "MainCoonProject",
  "version": "1.0.0",
  "lockfileVersion": 2,
  "requires": true,
  "packages": {
    "": {
      "name": "MainCoonProject",
      "version": "1.0.0",
      "dependencies": {
        "wait-for-element-transition": "^3.3.1"
      }
    },
    "node_modules/wait-for-element-transition": {
      "version": "3.3.1",
      "resolved": "https://registry.npmjs.org/wait-for-element-transition/-/wait-for-element-transition-3.3.1.tgz",
      "integrity": "sha512-1Wq7yWLtUjAOQkw4N2sLg+wCpKTZ4HU2KOK5IFHNIyTALRK0uL93EQ09Mpzg0cFos6QfOXUQBw4Cg+uxP0cKNw==",
      "engines": {
        "node": ">=10.16"
      }
    }
  },
  "dependencies": {
    "wait-for-element-transition": {
      "version": "3.3.1",
      "resolved": "https://registry.npmjs.org/wait-for-element-transition/-/wait-for-element-transition-3.3.1.tgz",
      "integrity": "sha512-1Wq7yWLtUjAOQkw4N2sLg+wCpKTZ4HU2KOK5IFHNIyTALRK0uL93EQ09Mpzg0cFos6QfOXUQBw4Cg+uxP0cKNw=="
    }
  }
}
